
Microsoft Visual Studio Solution File, Format Version 12.00
# Visual Studio Version 17
VisualStudioVersion = 17.8.34309.116
MinimumVisualStudioVersion = 10.0.40219.1
Project("{FAE04EC0-301F-11D3-BF4B-00C04F79EFBC}") = "WpfApp2", "WpfApp2\WpfApp2.csproj", "{F20DFD46-3F0A-4535-B3C9-1FE856E97923}"
EndProject
Global
	GlobalSection(SolutionConfigurationPlatforms) = preSolution
		Debug|Any CPU = Debug|Any CPU
		Release|Any CPU = Release|Any CPU
	EndGlobalSection
	GlobalSection(ProjectConfigurationPlatforms) = postSolution
		{F20DFD46-3F0A-4535-B3C9-1FE856E97923}.Debug|Any CPU.ActiveCfg = Debug|Any CPU
		{F20DFD46-3F0A-4535-B3C9-1FE856E97923}.Debug|Any CPU.Build.0 = Debug|Any CPU
		{F20DFD46-3F0A-4535-B3C9-1FE856E97923}.Release|Any CPU.ActiveCfg = Release|Any CPU
		{F20DFD46-3F0A-4535-B3C9-1FE856E97923}.Release|Any CPU.Build.0 = Release|Any CPU
	EndGlobalSection
	GlobalSection(SolutionProperties) = preSolution
		HideSolutionNode = FALSE
	EndGlobalSection
	GlobalSection(ExtensibilityGlobals) = postSolution
		SolutionGuid = {2B276625-A393-46DD-BB2A-C11E07FE6AEF}
	EndGlobalSection
EndGlobal
